
Microsoft Visual Studio Solution File, Format Version 12.00
Project("{FAE04EC0-301F-11D3-BF4B-00C04F79EFBC}") = "EFCore", "EFCore.csproj", "{735C0C33-101E-414E-A393-3486EEE0525A}"
EndProject
Global
	GlobalSection(SolutionConfigurationPlatforms) = preSolution
		Debug|Any CPU = Debug|Any CPU
		Release|Any CPU = Release|Any CPU
	EndGlobalSection
	GlobalSection(ProjectConfigurationPlatforms) = postSolution
		{735C0C33-101E-414E-A393-3486EEE0525A}.Debug|Any CPU.ActiveCfg = Debug|Any CPU
		{735C0C33-101E-414E-A393-3486EEE0525A}.Debug|Any CPU.Build.0 = Debug|Any CPU
		{735C0C33-101E-414E-A393-3486EEE0525A}.Release|Any CPU.ActiveCfg = Release|Any CPU
		{735C0C33-101E-414E-A393-3486EEE0525A}.Release|Any CPU.Build.0 = Release|Any CPU
	EndGlobalSection
EndGlobal
